{
  "name": "rulesweep-free",
  "version": "0.1.0",
  "lockfileVersion": 3,
  "requires": true,
  "packages": {
    "": {
      "name": "rulesweep-free",
      "version": "0.1.0",
      "license": "SEE LICENSE IN LICENSE",
      "bin": {
        "rulesweep": "bin/rulesweep.mjs"
      },
      "engines": {
        "node": ">=18"
      }
    }
  }
}
